
Microsoft Visual Studio Solution File, Format Version 12.00
# Visual Studio Version 17
VisualStudioVersion = 17.14.36603.0 d17.14
MinimumVisualStudioVersion = 10.0.40219.1
Project("{FAE04EC0-301F-11D3-BF4B-00C04F79EFBC}") = "RDExercise", "RDExercise\RDExercise.csproj", "{60831DC7-B68E-410C-A14D-438F6F7D0978}"
EndProject
Project("{FAE04EC0-301F-11D3-BF4B-00C04F79EFBC}") = "RDExerciseAPI", "RDExerciseAPI\RDExerciseAPI.csproj", "{0E492A77-D5F3-4682-AA14-991B1138AC5C}"
EndProject
Global
	GlobalSection(SolutionConfigurationPlatforms) = preSolution
		Debug|Any CPU = Debug|Any CPU
		Release|Any CPU = Release|Any CPU
	EndGlobalSection
	GlobalSection(ProjectConfigurationPlatforms) = postSolution
		{60831DC7-B68E-410C-A14D-438F6F7D0978}.Debug|Any CPU.ActiveCfg = Debug|Any CPU
		{60831DC7-B68E-410C-A14D-438F6F7D0978}.Debug|Any CPU.Build.0 = Debug|Any CPU
		{60831DC7-B68E-410C-A14D-438F6F7D0978}.Release|Any CPU.ActiveCfg = Release|Any CPU
		{60831DC7-B68E-410C-A14D-438F6F7D0978}.Release|Any CPU.Build.0 = Release|Any CPU
		{0E492A77-D5F3-4682-AA14-991B1138AC5C}.Debug|Any CPU.ActiveCfg = Debug|Any CPU
		{0E492A77-D5F3-4682-AA14-991B1138AC5C}.Debug|Any CPU.Build.0 = Debug|Any CPU
		{0E492A77-D5F3-4682-AA14-991B1138AC5C}.Release|Any CPU.ActiveCfg = Release|Any CPU
		{0E492A77-D5F3-4682-AA14-991B1138AC5C}.Release|Any CPU.Build.0 = Release|Any CPU
	EndGlobalSection
	GlobalSection(SolutionProperties) = preSolution
		HideSolutionNode = FALSE
	EndGlobalSection
	GlobalSection(ExtensibilityGlobals) = postSolution
		SolutionGuid = {53A176DC-F66E-4E18-8E35-376BE2817FEF}
	EndGlobalSection
EndGlobal
